
Microsoft Visual Studio Solution File, Format Version 12.00
# Visual Studio Version 17
VisualStudioVersion = 17.6.33712.159
MinimumVisualStudioVersion = 10.0.40219.1
Project("{FAE04EC0-301F-11D3-BF4B-00C04F79EFBC}") = "Creacion de zonas(Mateo)", "Creacion de zonas(Mateo)\Creacion de zonas(Mateo).csproj", "{3AEE0760-F433-4922-A647-459A13266B44}"
EndProject
Global
	GlobalSection(SolutionConfigurationPlatforms) = preSolution
		Debug|Any CPU = Debug|Any CPU
		Release|Any CPU = Release|Any CPU
	EndGlobalSection
	GlobalSection(ProjectConfigurationPlatforms) = postSolution
		{3AEE0760-F433-4922-A647-459A13266B44}.Debug|Any CPU.ActiveCfg = Debug|Any CPU
		{3AEE0760-F433-4922-A647-459A13266B44}.Debug|Any CPU.Build.0 = Debug|Any CPU
		{3AEE0760-F433-4922-A647-459A13266B44}.Release|Any CPU.ActiveCfg = Release|Any CPU
		{3AEE0760-F433-4922-A647-459A13266B44}.Release|Any CPU.Build.0 = Release|Any CPU
	EndGlobalSection
	GlobalSection(SolutionProperties) = preSolution
		HideSolutionNode = FALSE
	EndGlobalSection
	GlobalSection(ExtensibilityGlobals) = postSolution
		SolutionGuid = {E561C821-138B-48B3-AF67-797361CF353E}
	EndGlobalSection
EndGlobal
